
Microsoft Visual Studio Solution File, Format Version 12.00
# Visual Studio 15
VisualStudioVersion = 15.0.28010.2036
MinimumVisualStudioVersion = 10.0.40219.1
Project("{8BC9CEB8-8B4A-11D0-8D11-00A0C91BC942}") = "2D_sprite_tutorial1", "2D_sprite_tutorial1\2D_sprite_tutorial1.vcxproj", "{1DC5052C-388C-445F-B720-4C2557E3C5A2}"
EndProject
Global
	GlobalSection(SolutionConfigurationPlatforms) = preSolution
		Debug|Win32 = Debug|Win32
		Release|Win32 = Release|Win32
	EndGlobalSection
	GlobalSection(ProjectConfigurationPlatforms) = postSolution
		{1DC5052C-388C-445F-B720-4C2557E3C5A2}.Debug|Win32.ActiveCfg = Debug|Win32
		{1DC5052C-388C-445F-B720-4C2557E3C5A2}.Debug|Win32.Build.0 = Debug|Win32
		{1DC5052C-388C-445F-B720-4C2557E3C5A2}.Release|Win32.ActiveCfg = Release|Win32
		{1DC5052C-388C-445F-B720-4C2557E3C5A2}.Release|Win32.Build.0 = Release|Win32
	EndGlobalSection
	GlobalSection(SolutionProperties) = preSolution
		HideSolutionNode = FALSE
	EndGlobalSection
	GlobalSection(ExtensibilityGlobals) = postSolution
		SolutionGuid = {A4ACED7A-8F8F-4D1A-A044-E5FED97C3557}
	EndGlobalSection
EndGlobal
