<?xml version="1.0" encoding="utf-8"?>
<Project ToolsVersion="4.0" xmlns="http://schemas.microsoft.com/developer/msbuild/2003">
  <ItemGroup>
    <Filter Include="소스 파일">
      <UniqueIdentifier>{4FC737F1-C7A5-4376-A066-2A32D752A2FF}</UniqueIdentifier>
      <Extensions>cpp;c;cc;cxx;def;odl;idl;hpj;bat;asm;asmx</Extensions>
    </Filter>
    <Filter Include="헤더 파일">
      <UniqueIdentifier>{93995380-89BD-4b04-88EB-625FBE52EBFB}</UniqueIdentifier>
      <Extensions>h;hh;hpp;hxx;hm;inl;inc;xsd</Extensions>
    </Filter>
    <Filter Include="리소스 파일">
      <UniqueIdentifier>{67DA6AB6-F800-4c08-8B7A-83BB121AAD01}</UniqueIdentifier>
      <Extensions>rc;ico;cur;bmp;dlg;rc2;rct;bin;rgs;gif;jpg;jpeg;jpe;resx;tiff;tif;png;wav;mfcribbon-ms</Extensions>
    </Filter>
    <Filter Include="Utils">
      <UniqueIdentifier>{f91ba68e-654e-4641-9f91-5674c2eebcbb}</UniqueIdentifier>
    </Filter>
    <Filter Include="Screen">
      <UniqueIdentifier>{c4711604-36ec-44e7-b2c0-a6bec5ca3e7f}</UniqueIdentifier>
    </Filter>
    <Filter Include="Component">
      <UniqueIdentifier>{b02688ce-90e1-42fa-bd3e-f0961a2c3559}</UniqueIdentifier>
    </Filter>
    <Filter Include="GameObject">
      <UniqueIdentifier>{1e3ee666-9822-4cc5-95e2-9d8113446633}</UniqueIdentifier>
    </Filter>
    <Filter Include="GameEngine">
      <UniqueIdentifier>{ceea89de-3a11-4443-91cd-886bb4691b5f}</UniqueIdentifier>
    </Filter>
    <Filter Include="Component\Script">
      <UniqueIdentifier>{8912f5bb-20b2-4f1d-a82d-7d1547053f14}</UniqueIdentifier>
    </Filter>
    <Filter Include="Component\Script\NotDraw">
      <UniqueIdentifier>{a007acea-79f8-4e9f-b469-3260946498a3}</UniqueIdentifier>
    </Filter>
    <Filter Include="Component\Script\IncludeDrawScript">
      <UniqueIdentifier>{76ea3a5b-e5a6-4d5d-b336-729b6dcec361}</UniqueIdentifier>
    </Filter>
  </ItemGroup>
  <ItemGroup>
    <ClCompile Include="main.cpp">
      <Filter>소스 파일</Filter>
    </ClCompile>
    <ClCompile Include="stdafx.cpp">
      <Filter>소스 파일</Filter>
    </ClCompile>
    <ClCompile Include="Utils.cpp">
      <Filter>Utils</Filter>
    </ClCompile>
    <ClCompile Include="MyString.cpp">
      <Filter>Utils</Filter>
    </ClCompile>
    <ClCompile Include="Input.cpp">
      <Filter>Utils</Filter>
    </ClCompile>
    <ClCompile Include="Borland.cpp">
      <Filter>Utils</Filter>
    </ClCompile>
    <ClCompile Include="Screen.cpp">
      <Filter>Screen</Filter>
    </ClCompile>
    <ClCompile Include="Component.cpp">
      <Filter>Component</Filter>
    </ClCompile>
    <ClCompile Include="Transform.cpp">
      <Filter>Component</Filter>
    </ClCompile>
    <ClCompile Include="GameObject.cpp">
      <Filter>GameObject</Filter>
    </ClCompile>
    <ClCompile Include="GameEngine.cpp">
      <Filter>GameEngine</Filter>
    </ClCompile>
    <ClCompile Include="RectScript.cpp">
      <Filter>Component\Script\IncludeDrawScript</Filter>
    </ClCompile>
    <ClCompile Include="UIScript.cpp">
      <Filter>Component\Script\IncludeDrawScript</Filter>
    </ClCompile>
    <ClCompile Include="MapScript.cpp">
      <Filter>Component\Script\IncludeDrawScript</Filter>
    </ClCompile>
    <ClCompile Include="MoveScript.cpp">
      <Filter>Component\Script\NotDraw</Filter>
    </ClCompile>
    <ClCompile Include="ShapeScript.cpp">
      <Filter>Component\Script\NotDraw</Filter>
    </ClCompile>
    <ClCompile Include="BlockScript.cpp">
      <Filter>Component\Script\IncludeDrawScript</Filter>
    </ClCompile>
  </ItemGroup>
  <ItemGroup>
    <ClInclude Include="stdafx.h">
      <Filter>헤더 파일</Filter>
    </ClInclude>
    <ClInclude Include="Utils.h">
      <Filter>Utils</Filter>
    </ClInclude>
    <ClInclude Include="MyString.h">
      <Filter>Utils</Filter>
    </ClInclude>
    <ClInclude Include="Input.h">
      <Filter>Utils</Filter>
    </ClInclude>
    <ClInclude Include="Borland.h">
      <Filter>Utils</Filter>
    </ClInclude>
    <ClInclude Include="Screen.h">
      <Filter>Screen</Filter>
    </ClInclude>
    <ClInclude Include="Component.h">
      <Filter>Component</Filter>
    </ClInclude>
    <ClInclude Include="Transform.h">
      <Filter>Component</Filter>
    </ClInclude>
    <ClInclude Include="GameObject.h">
      <Filter>GameObject</Filter>
    </ClInclude>
    <ClInclude Include="GameEngine.h">
      <Filter>GameEngine</Filter>
    </ClInclude>
    <ClInclude Include="RectScript.h">
      <Filter>Component\Script\IncludeDrawScript</Filter>
    </ClInclude>
    <ClInclude Include="UIScript.h">
      <Filter>Component\Script\IncludeDrawScript</Filter>
    </ClInclude>
    <ClInclude Include="MapScript.h">
      <Filter>Component\Script\IncludeDrawScript</Filter>
    </ClInclude>
    <ClInclude Include="MoveScript.h">
      <Filter>Component\Script\NotDraw</Filter>
    </ClInclude>
    <ClInclude Include="ShapeScript.h">
      <Filter>Component\Script\NotDraw</Filter>
    </ClInclude>
    <ClInclude Include="BlockScript.h">
      <Filter>Component\Script\IncludeDrawScript</Filter>
    </ClInclude>
  </ItemGroup>
</Project>